
Microsoft Visual Studio Solution File, Format Version 12.00
# Visual Studio Version 17
VisualStudioVersion = 17.3.32804.467
MinimumVisualStudioVersion = 10.0.40219.1
Project("{FAE04EC0-301F-11D3-BF4B-00C04F79EFBC}") = "AuthenticationApp", "AuthenticationApp\AuthenticationApp.csproj", "{BFC21DAB-1D07-47DF-89A6-8AE3E356BD6C}"
EndProject
Global
	GlobalSection(SolutionConfigurationPlatforms) = preSolution
		Debug|Any CPU = Debug|Any CPU
		Release|Any CPU = Release|Any CPU
	EndGlobalSection
	GlobalSection(ProjectConfigurationPlatforms) = postSolution
		{BFC21DAB-1D07-47DF-89A6-8AE3E356BD6C}.Debug|Any CPU.ActiveCfg = Debug|Any CPU
		{BFC21DAB-1D07-47DF-89A6-8AE3E356BD6C}.Debug|Any CPU.Build.0 = Debug|Any CPU
		{BFC21DAB-1D07-47DF-89A6-8AE3E356BD6C}.Release|Any CPU.ActiveCfg = Release|Any CPU
		{BFC21DAB-1D07-47DF-89A6-8AE3E356BD6C}.Release|Any CPU.Build.0 = Release|Any CPU
	EndGlobalSection
	GlobalSection(SolutionProperties) = preSolution
		HideSolutionNode = FALSE
	EndGlobalSection
	GlobalSection(ExtensibilityGlobals) = postSolution
		SolutionGuid = {751D10CD-4056-424D-BDB2-8F4E17627F93}
	EndGlobalSection
EndGlobal
